
Microsoft Visual Studio Solution File, Format Version 12.00
# Visual Studio Version 16
VisualStudioVersion = 16.0.33920.266
MinimumVisualStudioVersion = 10.0.40219.1
Project("{FAE04EC0-301F-11D3-BF4B-00C04F79EFBC}") = "Agency Program", "New Pro\Agency Program.csproj", "{5157C59D-E6EA-45DC-A1C2-354C679158CD}"
EndProject
Global
	GlobalSection(SolutionConfigurationPlatforms) = preSolution
		Debug|Any CPU = Debug|Any CPU
		Release|Any CPU = Release|Any CPU
	EndGlobalSection
	GlobalSection(ProjectConfigurationPlatforms) = postSolution
		{5157C59D-E6EA-45DC-A1C2-354C679158CD}.Debug|Any CPU.ActiveCfg = Debug|Any CPU
		{5157C59D-E6EA-45DC-A1C2-354C679158CD}.Debug|Any CPU.Build.0 = Debug|Any CPU
		{5157C59D-E6EA-45DC-A1C2-354C679158CD}.Release|Any CPU.ActiveCfg = Release|Any CPU
		{5157C59D-E6EA-45DC-A1C2-354C679158CD}.Release|Any CPU.Build.0 = Release|Any CPU
	EndGlobalSection
	GlobalSection(SolutionProperties) = preSolution
		HideSolutionNode = FALSE
	EndGlobalSection
	GlobalSection(ExtensibilityGlobals) = postSolution
		SolutionGuid = {913CD649-0AD5-4C75-980B-83B8113BEDC4}
	EndGlobalSection
EndGlobal
